
Microsoft Visual Studio Solution File, Format Version 12.00
# Visual Studio Version 16
VisualStudioVersion = 16.0.30709.132
MinimumVisualStudioVersion = 10.0.40219.1
Project("{FAE04EC0-301F-11D3-BF4B-00C04F79EFBC}") = "DogRace", "DogRace\DogRace.csproj", "{FCE623F1-A605-4928-B5BB-B4FEC9365DE6}"
EndProject
Global
	GlobalSection(SolutionConfigurationPlatforms) = preSolution
		Debug|Any CPU = Debug|Any CPU
		Release|Any CPU = Release|Any CPU
	EndGlobalSection
	GlobalSection(ProjectConfigurationPlatforms) = postSolution
		{FCE623F1-A605-4928-B5BB-B4FEC9365DE6}.Debug|Any CPU.ActiveCfg = Debug|Any CPU
		{FCE623F1-A605-4928-B5BB-B4FEC9365DE6}.Debug|Any CPU.Build.0 = Debug|Any CPU
		{FCE623F1-A605-4928-B5BB-B4FEC9365DE6}.Release|Any CPU.ActiveCfg = Release|Any CPU
		{FCE623F1-A605-4928-B5BB-B4FEC9365DE6}.Release|Any CPU.Build.0 = Release|Any CPU
	EndGlobalSection
	GlobalSection(SolutionProperties) = preSolution
		HideSolutionNode = FALSE
	EndGlobalSection
	GlobalSection(ExtensibilityGlobals) = postSolution
		SolutionGuid = {5DC14CD9-8D65-4A02-8A6A-EAFCC41A6914}
	EndGlobalSection
EndGlobal
